
Microsoft Visual Studio Solution File, Format Version 12.00
# Visual Studio Version 17
VisualStudioVersion = 17.9.34723.18
MinimumVisualStudioVersion = 10.0.40219.1
Project("{9A19103F-16F7-4668-BE54-9A1E7A4F7556}") = "DocumentServer", "DocumentServer.csproj", "{B90C477D-300B-456B-AC9B-C27D1402CCC6}"
EndProject
Global
	GlobalSection(SolutionConfigurationPlatforms) = preSolution
		Debug|Any CPU = Debug|Any CPU
		Release|Any CPU = Release|Any CPU
	EndGlobalSection
	GlobalSection(ProjectConfigurationPlatforms) = postSolution
		{B90C477D-300B-456B-AC9B-C27D1402CCC6}.Debug|Any CPU.ActiveCfg = Debug|Any CPU
		{B90C477D-300B-456B-AC9B-C27D1402CCC6}.Debug|Any CPU.Build.0 = Debug|Any CPU
		{B90C477D-300B-456B-AC9B-C27D1402CCC6}.Release|Any CPU.ActiveCfg = Release|Any CPU
		{B90C477D-300B-456B-AC9B-C27D1402CCC6}.Release|Any CPU.Build.0 = Release|Any CPU
	EndGlobalSection
	GlobalSection(SolutionProperties) = preSolution
		HideSolutionNode = FALSE
	EndGlobalSection
	GlobalSection(ExtensibilityGlobals) = postSolution
		SolutionGuid = {B5207A56-42CD-4A17-A47E-7EFB7AC43116}
	EndGlobalSection
EndGlobal
